
Microsoft Visual Studio Solution File, Format Version 12.00
# Visual Studio Version 17
VisualStudioVersion = 17.4.33213.308
MinimumVisualStudioVersion = 10.0.40219.1
Project("{FAE04EC0-301F-11D3-BF4B-00C04F79EFBC}") = "Climbing the Leaderboard", "Climbing the Leaderboard\Climbing the Leaderboard.csproj", "{C09C3835-7510-46F6-8AF4-B6ABA4691F69}"
EndProject
Global
	GlobalSection(SolutionConfigurationPlatforms) = preSolution
		Debug|Any CPU = Debug|Any CPU
		Release|Any CPU = Release|Any CPU
	EndGlobalSection
	GlobalSection(ProjectConfigurationPlatforms) = postSolution
		{C09C3835-7510-46F6-8AF4-B6ABA4691F69}.Debug|Any CPU.ActiveCfg = Debug|Any CPU
		{C09C3835-7510-46F6-8AF4-B6ABA4691F69}.Debug|Any CPU.Build.0 = Debug|Any CPU
		{C09C3835-7510-46F6-8AF4-B6ABA4691F69}.Release|Any CPU.ActiveCfg = Release|Any CPU
		{C09C3835-7510-46F6-8AF4-B6ABA4691F69}.Release|Any CPU.Build.0 = Release|Any CPU
	EndGlobalSection
	GlobalSection(SolutionProperties) = preSolution
		HideSolutionNode = FALSE
	EndGlobalSection
	GlobalSection(ExtensibilityGlobals) = postSolution
		SolutionGuid = {68E830AF-241D-4558-B7D0-06B69AEE9BCB}
	EndGlobalSection
EndGlobal
