
Microsoft Visual Studio Solution File, Format Version 12.00
# Visual Studio Version 17
VisualStudioVersion = 17.4.33213.308
MinimumVisualStudioVersion = 10.0.40219.1
Project("{FAE04EC0-301F-11D3-BF4B-00C04F79EFBC}") = "grading students", "grading students\grading students.csproj", "{4CECB4E1-AA75-4F4C-A481-F1AB25BE8374}"
EndProject
Global
	GlobalSection(SolutionConfigurationPlatforms) = preSolution
		Debug|Any CPU = Debug|Any CPU
		Release|Any CPU = Release|Any CPU
	EndGlobalSection
	GlobalSection(ProjectConfigurationPlatforms) = postSolution
		{4CECB4E1-AA75-4F4C-A481-F1AB25BE8374}.Debug|Any CPU.ActiveCfg = Debug|Any CPU
		{4CECB4E1-AA75-4F4C-A481-F1AB25BE8374}.Debug|Any CPU.Build.0 = Debug|Any CPU
		{4CECB4E1-AA75-4F4C-A481-F1AB25BE8374}.Release|Any CPU.ActiveCfg = Release|Any CPU
		{4CECB4E1-AA75-4F4C-A481-F1AB25BE8374}.Release|Any CPU.Build.0 = Release|Any CPU
	EndGlobalSection
	GlobalSection(SolutionProperties) = preSolution
		HideSolutionNode = FALSE
	EndGlobalSection
	GlobalSection(ExtensibilityGlobals) = postSolution
		SolutionGuid = {7B1B5FAE-E857-49CB-BC7A-0415420E5C94}
	EndGlobalSection
EndGlobal
